
Microsoft Visual Studio Solution File, Format Version 12.00
# Visual Studio Version 16
VisualStudioVersion = 16.0.31410.357
MinimumVisualStudioVersion = 10.0.40219.1
Project("{FAE04EC0-301F-11D3-BF4B-00C04F79EFBC}") = "BankApplication", "BankApplication\BankApplication.csproj", "{5AEB4FD7-C77B-43B9-861D-46220461890C}"
EndProject
Project("{FAE04EC0-301F-11D3-BF4B-00C04F79EFBC}") = "BankLibrary", "BankLibrary\BankLibrary.csproj", "{A1F9AF40-AE0D-4258-9942-B2A9A6420098}"
EndProject
Global
	GlobalSection(SolutionConfigurationPlatforms) = preSolution
		Debug|Any CPU = Debug|Any CPU
		Release|Any CPU = Release|Any CPU
	EndGlobalSection
	GlobalSection(ProjectConfigurationPlatforms) = postSolution
		{5AEB4FD7-C77B-43B9-861D-46220461890C}.Debug|Any CPU.ActiveCfg = Debug|Any CPU
		{5AEB4FD7-C77B-43B9-861D-46220461890C}.Debug|Any CPU.Build.0 = Debug|Any CPU
		{5AEB4FD7-C77B-43B9-861D-46220461890C}.Release|Any CPU.ActiveCfg = Release|Any CPU
		{5AEB4FD7-C77B-43B9-861D-46220461890C}.Release|Any CPU.Build.0 = Release|Any CPU
		{A1F9AF40-AE0D-4258-9942-B2A9A6420098}.Debug|Any CPU.ActiveCfg = Debug|Any CPU
		{A1F9AF40-AE0D-4258-9942-B2A9A6420098}.Debug|Any CPU.Build.0 = Debug|Any CPU
		{A1F9AF40-AE0D-4258-9942-B2A9A6420098}.Release|Any CPU.ActiveCfg = Release|Any CPU
		{A1F9AF40-AE0D-4258-9942-B2A9A6420098}.Release|Any CPU.Build.0 = Release|Any CPU
	EndGlobalSection
	GlobalSection(SolutionProperties) = preSolution
		HideSolutionNode = FALSE
	EndGlobalSection
	GlobalSection(ExtensibilityGlobals) = postSolution
		SolutionGuid = {D885F6D0-7B04-4330-B48F-B26B65D07533}
	EndGlobalSection
EndGlobal
